// !$*UTF8*$!
{
	archiveVersion = 1;
	classes = {
	};
	objectVersion = 50;
	objects = {

/* Begin PBXBuildFile section */
		A20312B821DEC22C009DB7BF /* AppDelegate.swift in Sources */ = {isa = PBXBuildFile; fileRef = A20312B721DEC22C009DB7BF /* AppDelegate.swift */; };
		A20312BA21DEC22C009DB7BF /* NotesViewController.swift in Sources */ = {isa = PBXBuildFile; fileRef = A20312B921DEC22C009DB7BF /* NotesViewController.swift */; };
		A20312BF21DEC22F009DB7BF /* Assets.xcassets in Resources */ = {isa = PBXBuildFile; fileRef = A20312BE21DEC22F009DB7BF /* Assets.xcassets */; };
		A20312C221DEC22F009DB7BF /* LaunchScreen.storyboard in Resources */ = {isa = PBXBuildFile; fileRef = A20312C021DEC22F009DB7BF /* LaunchScreen.storyboard */; };
		A20312CA21DECF23009DB7BF /* AddNoteViewController.swift in Sources */ = {isa = PBXBuildFile; fileRef = A20312C921DECF23009DB7BF /* AddNoteViewController.swift */; };
		A20312CC21E40F88009DB7BF /* NoteModel.swift in Sources */ = {isa = PBXBuildFile; fileRef = A20312CB21E40F88009DB7BF /* NoteModel.swift */; };
		A20312CE21E40FD8009DB7BF /* NoteViewModel.swift in Sources */ = {isa = PBXBuildFile; fileRef = A20312CD21E40FD8009DB7BF /* NoteViewModel.swift */; };
		A20312D021E52A38009DB7BF /* State.swift in Sources */ = {isa = PBXBuildFile; fileRef = A20312CF21E52A38009DB7BF /* State.swift */; };
		A20312D421E5608A009DB7BF /* AddNoteState.swift in Sources */ = {isa = PBXBuildFile; fileRef = A20312D321E56089009DB7BF /* AddNoteState.swift */; };
		A20312D621E562AA009DB7BF /* Store.swift in Sources */ = {isa = PBXBuildFile; fileRef = A20312D521E562AA009DB7BF /* Store.swift */; };
		A20312D821E5648F009DB7BF /* AddNoteViewModel.swift in Sources */ = {isa = PBXBuildFile; fileRef = A20312D721E5648F009DB7BF /* AddNoteViewModel.swift */; };
		A20312DA21F25303009DB7BF /* AddNoteChange.swift in Sources */ = {isa = PBXBuildFile; fileRef = A20312D921F25303009DB7BF /* AddNoteChange.swift */; };
		A20312DC21F25402009DB7BF /* AddNoteAction.swift in Sources */ = {isa = PBXBuildFile; fileRef = A20312DB21F25402009DB7BF /* AddNoteAction.swift */; };
		A20312DE21F2642E009DB7BF /* LoadingIndicatorView.swift in Sources */ = {isa = PBXBuildFile; fileRef = A20312DD21F2642E009DB7BF /* LoadingIndicatorView.swift */; };
		A20312E121F27FE3009DB7BF /* EditNoteViewController.swift in Sources */ = {isa = PBXBuildFile; fileRef = A20312E021F27FE3009DB7BF /* EditNoteViewController.swift */; };
/* End PBXBuildFile section */

/* Begin PBXFileReference section */
		A20312B421DEC22C009DB7BF /* todoapp.app */ = {isa = PBXFileReference; explicitFileType = wrapper.application; includeInIndex = 0; path = todoapp.app; sourceTree = BUILT_PRODUCTS_DIR; };
		A20312B721DEC22C009DB7BF /* AppDelegate.swift */ = {isa = PBXFileReference; lastKnownFileType = sourcecode.swift; path = AppDelegate.swift; sourceTree = "<group>"; };
		A20312B921DEC22C009DB7BF /* NotesViewController.swift */ = {isa = PBXFileReference; lastKnownFileType = sourcecode.swift; path = NotesViewController.swift; sourceTree = "<group>"; };
		A20312BE21DEC22F009DB7BF /* Assets.xcassets */ = {isa = PBXFileReference; lastKnownFileType = folder.assetcatalog; path = Assets.xcassets; sourceTree = "<group>"; };
		A20312C121DEC22F009DB7BF /* Base */ = {isa = PBXFileReference; lastKnownFileType = file.storyboard; name = Base; path = Base.lproj/LaunchScreen.storyboard; sourceTree = "<group>"; };
		A20312C321DEC22F009DB7BF /* Info.plist */ = {isa = PBXFileReference; lastKnownFileType = text.plist.xml; path = Info.plist; sourceTree = "<group>"; };
		A20312C921DECF23009DB7BF /* AddNoteViewController.swift */ = {isa = PBXFileReference; lastKnownFileType = sourcecode.swift; path = AddNoteViewController.swift; sourceTree = "<group>"; };
		A20312CB21E40F88009DB7BF /* NoteModel.swift */ = {isa = PBXFileReference; lastKnownFileType = sourcecode.swift; path = NoteModel.swift; sourceTree = "<group>"; };
		A20312CD21E40FD8009DB7BF /* NoteViewModel.swift */ = {isa = PBXFileReference; lastKnownFileType = sourcecode.swift; path = NoteViewModel.swift; sourceTree = "<group>"; };
		A20312CF21E52A38009DB7BF /* State.swift */ = {isa = PBXFileReference; lastKnownFileType = sourcecode.swift; path = State.swift; sourceTree = "<group>"; };
		A20312D321E56089009DB7BF /* AddNoteState.swift */ = {isa = PBXFileReference; lastKnownFileType = sourcecode.swift; path = AddNoteState.swift; sourceTree = "<group>"; };
		A20312D521E562AA009DB7BF /* Store.swift */ = {isa = PBXFileReference; lastKnownFileType = sourcecode.swift; path = Store.swift; sourceTree = "<group>"; };
		A20312D721E5648F009DB7BF /* AddNoteViewModel.swift */ = {isa = PBXFileReference; lastKnownFileType = sourcecode.swift; path = AddNoteViewModel.swift; sourceTree = "<group>"; };
		A20312D921F25303009DB7BF /* AddNoteChange.swift */ = {isa = PBXFileReference; lastKnownFileType = sourcecode.swift; path = AddNoteChange.swift; sourceTree = "<group>"; };
		A20312DB21F25402009DB7BF /* AddNoteAction.swift */ = {isa = PBXFileReference; lastKnownFileType = sourcecode.swift; path = AddNoteAction.swift; sourceTree = "<group>"; };
		A20312DD21F2642E009DB7BF /* LoadingIndicatorView.swift */ = {isa = PBXFileReference; lastKnownFileType = sourcecode.swift; path = LoadingIndicatorView.swift; sourceTree = "<group>"; };
		A20312E021F27FE3009DB7BF /* EditNoteViewController.swift */ = {isa = PBXFileReference; lastKnownFileType = sourcecode.swift; path = EditNoteViewController.swift; sourceTree = "<group>"; };
/* End PBXFileReference section */

/* Begin PBXFrameworksBuildPhase section */
		A20312B121DEC22C009DB7BF /* Frameworks */ = {
			isa = PBXFrameworksBuildPhase;
			buildActionMask = 2147483647;
			files = (
			);
			runOnlyForDeploymentPostprocessing = 0;
		};
/* End PBXFrameworksBuildPhase section */

/* Begin PBXGroup section */
		A20312AB21DEC22C009DB7BF = {
			isa = PBXGroup;
			children = (
				A20312B621DEC22C009DB7BF /* todoapp */,
			);
			sourceTree = "<group>";
		};
		A20312B521DEC22C009DB7BF /* Products */ = {
			isa = PBXGroup;
			children = (
				A20312B421DEC22C009DB7BF /* todoapp.app */,
			);
			name = Products;
			path = ..;
			sourceTree = "<group>";
		};
		A20312B621DEC22C009DB7BF /* todoapp */ = {
			isa = PBXGroup;
			children = (
				A20312B721DEC22C009DB7BF /* AppDelegate.swift */,
				A20312D521E562AA009DB7BF /* Store.swift */,
				A20312DD21F2642E009DB7BF /* LoadingIndicatorView.swift */,
				A20312D121E55FC2009DB7BF /* notes */,
				A20312D221E5604B009DB7BF /* addNote */,
				A20312DF21F27F91009DB7BF /* editNote */,
				A20312B521DEC22C009DB7BF /* Products */,
				A20312BE21DEC22F009DB7BF /* Assets.xcassets */,
				A20312C021DEC22F009DB7BF /* LaunchScreen.storyboard */,
				A20312C321DEC22F009DB7BF /* Info.plist */,
			);
			path = todoapp;
			sourceTree = "<group>";
		};
		A20312D121E55FC2009DB7BF /* notes */ = {
			isa = PBXGroup;
			children = (
				A20312B921DEC22C009DB7BF /* NotesViewController.swift */,
				A20312CF21E52A38009DB7BF /* State.swift */,
				A20312CD21E40FD8009DB7BF /* NoteViewModel.swift */,
				A20312CB21E40F88009DB7BF /* NoteModel.swift */,
			);
			path = notes;
			sourceTree = "<group>";
		};
		A20312D221E5604B009DB7BF /* addNote */ = {
			isa = PBXGroup;
			children = (
				A20312C921DECF23009DB7BF /* AddNoteViewController.swift */,
				A20312D321E56089009DB7BF /* AddNoteState.swift */,
				A20312D721E5648F009DB7BF /* AddNoteViewModel.swift */,
				A20312D921F25303009DB7BF /* AddNoteChange.swift */,
				A20312DB21F25402009DB7BF /* AddNoteAction.swift */,
			);
			path = addNote;
			sourceTree = "<group>";
		};
		A20312DF21F27F91009DB7BF /* editNote */ = {
			isa = PBXGroup;
			children = (
				A20312E021F27FE3009DB7BF /* EditNoteViewController.swift */,
			);
			path = editNote;
			sourceTree = "<group>";
		};
/* End PBXGroup section */

/* Begin PBXNativeTarget section */
		A20312B321DEC22C009DB7BF /* todoapp */ = {
			isa = PBXNativeTarget;
			buildConfigurationList = A20312C621DEC22F009DB7BF /* Build configuration list for PBXNativeTarget "todoapp" */;
			buildPhases = (
				A20312B021DEC22C009DB7BF /* Sources */,
				A20312B121DEC22C009DB7BF /* Frameworks */,
				A20312B221DEC22C009DB7BF /* Resources */,
			);
			buildRules = (
			);
			dependencies = (
			);
			name = todoapp;
			productName = todoapp;
			productReference = A20312B421DEC22C009DB7BF /* todoapp.app */;
			productType = "com.apple.product-type.application";
		};
/* End PBXNativeTarget section */

/* Begin PBXProject section */
		A20312AC21DEC22C009DB7BF /* Project object */ = {
			isa = PBXProject;
			attributes = {
				LastSwiftUpdateCheck = 1010;
				LastUpgradeCheck = 1010;
				ORGANIZATIONNAME = weightwatchers;
				TargetAttributes = {
					A20312B321DEC22C009DB7BF = {
						CreatedOnToolsVersion = 10.1;
					};
				};
			};
			buildConfigurationList = A20312AF21DEC22C009DB7BF /* Build configuration list for PBXProject "todoapp" */;
			compatibilityVersion = "Xcode 9.3";
			developmentRegion = en;
			hasScannedForEncodings = 0;
			knownRegions = (
				en,
				Base,
			);
			mainGroup = A20312AB21DEC22C009DB7BF;
			productRefGroup = A20312B521DEC22C009DB7BF /* Products */;
			projectDirPath = "";
			projectRoot = "";
			targets = (
				A20312B321DEC22C009DB7BF /* todoapp */,
			);
		};
/* End PBXProject section */

/* Begin PBXResourcesBuildPhase section */
		A20312B221DEC22C009DB7BF /* Resources */ = {
			isa = PBXResourcesBuildPhase;
			buildActionMask = 2147483647;
			files = (
				A20312C221DEC22F009DB7BF /* LaunchScreen.storyboard in Resources */,
				A20312BF21DEC22F009DB7BF /* Assets.xcassets in Resources */,
			);
			runOnlyForDeploymentPostprocessing = 0;
		};
/* End PBXResourcesBuildPhase section */

/* Begin PBXSourcesBuildPhase section */
		A20312B021DEC22C009DB7BF /* Sources */ = {
			isa = PBXSourcesBuildPhase;
			buildActionMask = 2147483647;
			files = (
				A20312E121F27FE3009DB7BF /* EditNoteViewController.swift in Sources */,
				A20312CE21E40FD8009DB7BF /* NoteViewModel.swift in Sources */,
				A20312DA21F25303009DB7BF /* AddNoteChange.swift in Sources */,
				A20312BA21DEC22C009DB7BF /* NotesViewController.swift in Sources */,
				A20312DE21F2642E009DB7BF /* LoadingIndicatorView.swift in Sources */,
				A20312CC21E40F88009DB7BF /* NoteModel.swift in Sources */,
				A20312D821E5648F009DB7BF /* AddNoteViewModel.swift in Sources */,
				A20312D621E562AA009DB7BF /* Store.swift in Sources */,
				A20312CA21DECF23009DB7BF /* AddNoteViewController.swift in Sources */,
				A20312B821DEC22C009DB7BF /* AppDelegate.swift in Sources */,
				A20312DC21F25402009DB7BF /* AddNoteAction.swift in Sources */,
				A20312D421E5608A009DB7BF /* AddNoteState.swift in Sources */,
				A20312D021E52A38009DB7BF /* State.swift in Sources */,
			);
			runOnlyForDeploymentPostprocessing = 0;
		};
/* End PBXSourcesBuildPhase section */

/* Begin PBXVariantGroup section */
		A20312C021DEC22F009DB7BF /* LaunchScreen.storyboard */ = {
			isa = PBXVariantGroup;
			children = (
				A20312C121DEC22F009DB7BF /* Base */,
			);
			name = LaunchScreen.storyboard;
			sourceTree = "<group>";
		};
/* End PBXVariantGroup section */

/* Begin XCBuildConfiguration section */
		A20312C421DEC22F009DB7BF /* Debug */ = {
			isa = XCBuildConfiguration;
			buildSettings = {
				ALWAYS_SEARCH_USER_PATHS = NO;
				CLANG_ANALYZER_NONNULL = YES;
				CLANG_ANALYZER_NUMBER_OBJECT_CONVERSION = YES_AGGRESSIVE;
				CLANG_CXX_LANGUAGE_STANDARD = "gnu++14";
				CLANG_CXX_LIBRARY = "libc++";
				CLANG_ENABLE_MODULES = YES;
				CLANG_ENABLE_OBJC_ARC = YES;
				CLANG_ENABLE_OBJC_WEAK = YES;
				CLANG_WARN_BLOCK_CAPTURE_AUTORELEASING = YES;
				CLANG_WARN_BOOL_CONVERSION = YES;
				CLANG_WARN_COMMA = YES;
				CLANG_WARN_CONSTANT_CONVERSION = YES;
				CLANG_WARN_DEPRECATED_OBJC_IMPLEMENTATIONS = YES;
				CLANG_WARN_DIRECT_OBJC_ISA_USAGE = YES_ERROR;
				CLANG_WARN_DOCUMENTATION_COMMENTS = YES;
				CLANG_WARN_EMPTY_BODY = YES;
				CLANG_WARN_ENUM_CONVERSION = YES;
				CLANG_WARN_INFINITE_RECURSION = YES;
				CLANG_WARN_INT_CONVERSION = YES;
				CLANG_WARN_NON_LITERAL_NULL_CONVERSION = YES;
				CLANG_WARN_OBJC_IMPLICIT_RETAIN_SELF = YES;
				CLANG_WARN_OBJC_LITERAL_CONVERSION = YES;
				CLANG_WARN_OBJC_ROOT_CLASS = YES_ERROR;
				CLANG_WARN_RANGE_LOOP_ANALYSIS = YES;
				CLANG_WARN_STRICT_PROTOTYPES = YES;
				CLANG_WARN_SUSPICIOUS_MOVE = YES;
				CLANG_WARN_UNGUARDED_AVAILABILITY = YES_AGGRESSIVE;
				CLANG_WARN_UNREACHABLE_CODE = YES;
				CLANG_WARN__DUPLICATE_METHOD_MATCH = YES;
				CODE_SIGN_IDENTITY = "iPhone Developer";
				COPY_PHASE_STRIP = NO;
				DEBUG_INFORMATION_FORMAT = dwarf;
				ENABLE_STRICT_OBJC_MSGSEND = YES;
				ENABLE_TESTABILITY = YES;
				GCC_C_LANGUAGE_STANDARD = gnu11;
				GCC_DYNAMIC_NO_PIC = NO;
				GCC_NO_COMMON_BLOCKS = YES;
				GCC_OPTIMIZATION_LEVEL = 0;
				GCC_PREPROCESSOR_DEFINITIONS = (
					"DEBUG=1",
					"$(inherited)",
				);
				GCC_WARN_64_TO_32_BIT_CONVERSION = YES;
				GCC_WARN_ABOUT_RETURN_TYPE = YES_ERROR;
				GCC_WARN_UNDECLARED_SELECTOR = YES;
				GCC_WARN_UNINITIALIZED_AUTOS = YES_AGGRESSIVE;
				GCC_WARN_UNUSED_FUNCTION = YES;
				GCC_WARN_UNUSED_VARIABLE = YES;
				IPHONEOS_DEPLOYMENT_TARGET = 12.1;
				MTL_ENABLE_DEBUG_INFO = INCLUDE_SOURCE;
				MTL_FAST_MATH = YES;
				ONLY_ACTIVE_ARCH = YES;
				SDKROOT = iphoneos;
				SWIFT_ACTIVE_COMPILATION_CONDITIONS = DEBUG;
				SWIFT_OPTIMIZATION_LEVEL = "-Onone";
			};
			name = Debug;
		};
		A20312C521DEC22F009DB7BF /* Release */ = {
			isa = XCBuildConfiguration;
			buildSettings = {
				ALWAYS_SEARCH_USER_PATHS = NO;
				CLANG_ANALYZER_NONNULL = YES;
				CLANG_ANALYZER_NUMBER_OBJECT_CONVERSION = YES_AGGRESSIVE;
				CLANG_CXX_LANGUAGE_STANDARD = "gnu++14";
				CLANG_CXX_LIBRARY = "libc++";
				CLANG_ENABLE_MODULES = YES;
				CLANG_ENABLE_OBJC_ARC = YES;
				CLANG_ENABLE_OBJC_WEAK = YES;
				CLANG_WARN_BLOCK_CAPTURE_AUTORELEASING = YES;
				CLANG_WARN_BOOL_CONVERSION = YES;
				CLANG_WARN_COMMA = YES;
				CLANG_WARN_CONSTANT_CONVERSION = YES;
				CLANG_WARN_DEPRECATED_OBJC_IMPLEMENTATIONS = YES;
				CLANG_WARN_DIRECT_OBJC_ISA_USAGE = YES_ERROR;
				CLANG_WARN_DOCUMENTATION_COMMENTS = YES;
				CLANG_WARN_EMPTY_BODY = YES;
				CLANG_WARN_ENUM_CONVERSION = YES;
				CLANG_WARN_INFINITE_RECURSION = YES;
				CLANG_WARN_INT_CONVERSION = YES;
				CLANG_WARN_NON_LITERAL_NULL_CONVERSION = YES;
				CLANG_WARN_OBJC_IMPLICIT_RETAIN_SELF = YES;
				CLANG_WARN_OBJC_LITERAL_CONVERSION = YES;
				CLANG_WARN_OBJC_ROOT_CLASS = YES_ERROR;
				CLANG_WARN_RANGE_LOOP_ANALYSIS = YES;
				CLANG_WARN_STRICT_PROTOTYPES = YES;
				CLANG_WARN_SUSPICIOUS_MOVE = YES;
				CLANG_WARN_UNGUARDED_AVAILABILITY = YES_AGGRESSIVE;
				CLANG_WARN_UNREACHABLE_CODE = YES;
				CLANG_WARN__DUPLICATE_METHOD_MATCH = YES;
				CODE_SIGN_IDENTITY = "iPhone Developer";
				COPY_PHASE_STRIP = NO;
				DEBUG_INFORMATION_FORMAT = "dwarf-with-dsym";
				ENABLE_NS_ASSERTIONS = NO;
				ENABLE_STRICT_OBJC_MSGSEND = YES;
				GCC_C_LANGUAGE_STANDARD = gnu11;
				GCC_NO_COMMON_BLOCKS = YES;
				GCC_WARN_64_TO_32_BIT_CONVERSION = YES;
				GCC_WARN_ABOUT_RETURN_TYPE = YES_ERROR;
				GCC_WARN_UNDECLARED_SELECTOR = YES;
				GCC_WARN_UNINITIALIZED_AUTOS = YES_AGGRESSIVE;
				GCC_WARN_UNUSED_FUNCTION = YES;
				GCC_WARN_UNUSED_VARIABLE = YES;
				IPHONEOS_DEPLOYMENT_TARGET = 12.1;
				MTL_ENABLE_DEBUG_INFO = NO;
				MTL_FAST_MATH = YES;
				SDKROOT = iphoneos;
				SWIFT_COMPILATION_MODE = wholemodule;
				SWIFT_OPTIMIZATION_LEVEL = "-O";
				VALIDATE_PRODUCT = YES;
			};
			name = Release;
		};
		A20312C721DEC22F009DB7BF /* Debug */ = {
			isa = XCBuildConfiguration;
			buildSettings = {
				ASSETCATALOG_COMPILER_APPICON_NAME = AppIcon;
				CODE_SIGN_STYLE = Automatic;
				INFOPLIST_FILE = todoapp/Info.plist;
				LD_RUNPATH_SEARCH_PATHS = (
					"$(inherited)",
					"@executable_path/Frameworks",
				);
				PRODUCT_BUNDLE_IDENTIFIER = com.kate.mvi.todoapp;
				PRODUCT_NAME = "$(TARGET_NAME)";
				SWIFT_VERSION = 4.2;
				TARGETED_DEVICE_FAMILY = "1,2";
			};
			name = Debug;
		};
		A20312C821DEC22F009DB7BF /* Release */ = {
			isa = XCBuildConfiguration;
			buildSettings = {
				ASSETCATALOG_COMPILER_APPICON_NAME = AppIcon;
				CODE_SIGN_STYLE = Automatic;
				INFOPLIST_FILE = todoapp/Info.plist;
				LD_RUNPATH_SEARCH_PATHS = (
					"$(inherited)",
					"@executable_path/Frameworks",
				);
				PRODUCT_BUNDLE_IDENTIFIER = com.kate.mvi.todoapp;
				PRODUCT_NAME = "$(TARGET_NAME)";
				SWIFT_VERSION = 4.2;
				TARGETED_DEVICE_FAMILY = "1,2";
			};
			name = Release;
		};
/* End XCBuildConfiguration section */

/* Begin XCConfigurationList section */
		A20312AF21DEC22C009DB7BF /* Build configuration list for PBXProject "todoapp" */ = {
			isa = XCConfigurationList;
			buildConfigurations = (
				A20312C421DEC22F009DB7BF /* Debug */,
				A20312C521DEC22F009DB7BF /* Release */,
			);
			defaultConfigurationIsVisible = 0;
			defaultConfigurationName = Release;
		};
		A20312C621DEC22F009DB7BF /* Build configuration list for PBXNativeTarget "todoapp" */ = {
			isa = XCConfigurationList;
			buildConfigurations = (
				A20312C721DEC22F009DB7BF /* Debug */,
				A20312C821DEC22F009DB7BF /* Release */,
			);
			defaultConfigurationIsVisible = 0;
			defaultConfigurationName = Release;
		};
/* End XCConfigurationList section */
	};
	rootObject = A20312AC21DEC22C009DB7BF /* Project object */;
}
